# This file is automatically @generated by Cargo.
# It is not intended for manual editing.
version = 4

[[package]]
name = "circulo-adapter"
version = "0.1.0"
dependencies = [
 "circulo-core",
]

[[package]]
name = "circulo-adapter-fake"
version = "0.1.0"
dependencies = [
 "circulo-adapter",
]

[[package]]
name = "circulo-adapter-opencode"
version = "0.1.0"
dependencies = [
 "circulo-adapter",
]

[[package]]
name = "circulo-app"
version = "0.1.0"
dependencies = [
 "circulo-i18n",
 "circulo-protocol",
]

[[package]]
name = "circulo-core"
version = "0.1.0"

[[package]]
name = "circulo-daemon"
version = "0.1.0"
dependencies = [
 "circulo-adapter",
 "circulo-persist",
 "circulo-protocol",
]

[[package]]
name = "circulo-i18n"
version = "0.1.0"

[[package]]
name = "circulo-markdown"
version = "0.1.0"

[[package]]
name = "circulo-persist"
version = "0.1.0"
dependencies = [
 "circulo-core",
]

[[package]]
name = "circulo-protocol"
version = "0.1.0"
dependencies = [
 "circulo-core",
]
